Microsoft Visual Studio Solution File, Format Version 11.00
# Visual Studio 2008

Project("{7FBAB7CF-A1FE-81D4-6B0C-C99EF7D9E90E}") = "2D Pong", "Assembly-CSharp.csproj", "{15E07C36-5F6D-4A96-AAFE-ACE6A50684E9}"
EndProject
Global
	GlobalSection(SolutionConfigurationPlatforms) = preSolution
		Debug|Any CPU = Debug|Any CPU
		Release|Any CPU = Release|Any CPU
	EndGlobalSection
	GlobalSection(ProjectConfigurationPlatforms) = postSolution
		{15E07C36-5F6D-4A96-AAFE-ACE6A50684E9}.Debug|Any CPU.ActiveCfg = Debug|Any CPU
		{15E07C36-5F6D-4A96-AAFE-ACE6A50684E9}.Debug|Any CPU.Build.0 = Debug|Any CPU
		{15E07C36-5F6D-4A96-AAFE-ACE6A50684E9}.Release|Any CPU.ActiveCfg = Release|Any CPU
		{15E07C36-5F6D-4A96-AAFE-ACE6A50684E9}.Release|Any CPU.Build.0 = Release|Any CPU
	EndGlobalSection
	GlobalSection(SolutionProperties) = preSolution
		HideSolutionNode = FALSE
	EndGlobalSection
	GlobalSection(MonoDevelopProperties) = preSolution
		StartupItem = Assembly-CSharp.csproj
	EndGlobalSection
EndGlobal
